<?xml version="1.0" encoding="UTF-8"?>
<!DOCTYPE plist PUBLIC "-//Apple//DTD PLIST 1.0//EN" "http://www.apple.com/DTDs/PropertyList-1.0.dtd">
<plist version="1.0">
<dict>
	<key>archiveVersion</key>
	<string>1</string>
	<key>classes</key>
	<dict/>
	<key>objectVersion</key>
	<string>46</string>
	<key>objects</key>
	<dict>
		<key>0007FC548BB74B7A8028A97E</key>
		<dict>
			<key>buildActionMask</key>
			<string>2147483647</string>
			<key>files</key>
			<array/>
			<key>inputPaths</key>
			<array/>
			<key>isa</key>
			<string>PBXShellScriptBuildPhase</string>
			<key>name</key>
			<string>Warn for TODO and FIXME comments</string>
			<key>outputPaths</key>
			<array/>
			<key>runOnlyForDeploymentPostprocessing</key>
			<string>0</string>
			<key>shellPath</key>
			<string>/bin/sh</string>
			<key>shellScript</key>
			<string>KEYWORDS="TODO:|FIXME:|\?\?\?:|\!\!\!:"
FILE_EXTENSIONS="h|m|mm|c|cpp"
find -E "${SRCROOT}" -ipath "${SRCROOT}/pods" -prune -o \( -regex ".*\.($FILE_EXTENSIONS)$" \) -print0 | xargs -0 egrep --with-filename --line-number --only-matching "($KEYWORDS).*\$" | perl -p -e "s/($KEYWORDS)/ warning: \$1/"
</string>
		</dict>
		<key>0DEFFB9ADB6A49E8982CE1BD</key>
		<dict>
			<key>buildActionMask</key>
			<string>2147483647</string>
			<key>files</key>
			<array/>
			<key>inputPaths</key>
			<array/>
			<key>isa</key>
			<string>PBXShellScriptBuildPhase</string>
			<key>name</key>
			<string>Update build number</string>
			<key>outputPaths</key>
			<array/>
			<key>runOnlyForDeploymentPostprocessing</key>
			<string>0</string>
			<key>shellPath</key>
			<string>/bin/sh</string>
			<key>shellScript</key>
			<string>echo "${TARGET_BUILD_DIR}"
buildPlist="${TARGET_BUILD_DIR}"/"${INFOPLIST_PATH}"

# Increment the build number to match the git version
svnRevision=`git log --oneline | wc -l`
/usr/libexec/PlistBuddy -c "Set :CFBundleVersion $svnRevision" "$buildPlist"

bundleVersion=$(/usr/libexec/PlistBuddy -c "Print CFBundleVersion" "$buildPlist")
bundleShortVersionString=$(/usr/libexec/PlistBuddy -c "Print CFBundleShortVersionString" "$buildPlist")

# Update the Settings.bundle
newVersion="${bundleShortVersionString} (${bundleVersion})"
/usr/libexec/PlistBuddy "${TARGET_BUILD_DIR}"/"${PRODUCT_NAME}.app"/Settings.bundle/Root.plist -c "set PreferenceSpecifiers:1:DefaultValue $newVersion"
echo "newVersion: ${newVersion}"
</string>
		</dict>
		<key>103596ED1F924FEB91F2CB4C</key>
		<dict>
			<key>children</key>
			<array>
				<string>580F67691885904E005F118C</string>
				<string>5E754FFB338B4CED8D2A1D35</string>
				<string>79E1AE9A106743888CE41B59</string>
				<string>E36415D6A6B341D9A87477C0</string>
			</array>
			<key>isa</key>
			<string>PBXGroup</string>
			<key>path</key>
			<string>Resources</string>
			<key>sourceTree</key>
			<string>&lt;group&gt;</string>
		</dict>
		<key>18222848C987488CBE8F79EC</key>
		<dict>
			<key>children</key>
			<array/>
			<key>isa</key>
			<string>PBXGroup</string>
			<key>path</key>
			<string>ModelControllers</string>
			<key>sourceTree</key>
			<string>&lt;group&gt;</string>
		</dict>
		<key>1A8DB81B000942478A115EDF</key>
		<dict>
			<key>fileRef</key>
			<string>E36415D6A6B341D9A87477C0</string>
			<key>isa</key>
			<string>PBXBuildFile</string>
		</dict>
		<key>3977148B4CF841C78A2800A5</key>
		<dict>
			<key>children</key>
			<array/>
			<key>isa</key>
			<string>PBXGroup</string>
			<key>path</key>
			<string>Models</string>
			<key>sourceTree</key>
			<string>&lt;group&gt;</string>
		</dict>
		<key>4C07AD34AF514A1C99E04D2C</key>
		<dict>
			<key>children</key>
			<array/>
			<key>isa</key>
			<string>PBXGroup</string>
			<key>path</key>
			<string>Views</string>
			<key>sourceTree</key>
			<string>&lt;group&gt;</string>
		</dict>
		<key>580F672818858E88005F118C</key>
		<dict>
			<key>children</key>
			<array>
				<string>580F673A18858E88005F118C</string>
				<string>580F675918858E88005F118C</string>
				<string>580F673318858E88005F118C</string>
				<string>580F673218858E88005F118C</string>
			</array>
			<key>indentWidth</key>
			<string>4</string>
			<key>isa</key>
			<string>PBXGroup</string>
			<key>sourceTree</key>
			<string>&lt;group&gt;</string>
			<key>tabWidth</key>
			<string>4</string>
			<key>usesTabs</key>
			<string>0</string>
		</dict>
		<key>580F672918858E88005F118C</key>
		<dict>
			<key>attributes</key>
			<dict>
				<key>CLASSPREFIX</key>
				<string>NRD</string>
				<key>LastUpgradeCheck</key>
				<string>0500</string>
				<key>ORGANIZATIONNAME</key>
				<string>The Nerdery</string>
				<key>TargetAttributes</key>
				<dict>
					<key>580F675118858E88005F118C</key>
					<dict>
						<key>TestTargetID</key>
						<string>580F673018858E88005F118C</string>
					</dict>
				</dict>
			</dict>
			<key>buildConfigurationList</key>
			<string>580F672C18858E88005F118C</string>
			<key>compatibilityVersion</key>
			<string>Xcode 3.2</string>
			<key>developmentRegion</key>
			<string>English</string>
			<key>hasScannedForEncodings</key>
			<string>0</string>
			<key>isa</key>
			<string>PBXProject</string>
			<key>knownRegions</key>
			<array>
				<string>en</string>
				<string>Base</string>
			</array>
			<key>mainGroup</key>
			<string>580F672818858E88005F118C</string>
			<key>productRefGroup</key>
			<string>580F673218858E88005F118C</string>
			<key>projectDirPath</key>
			<string></string>
			<key>projectReferences</key>
			<array/>
			<key>projectRoot</key>
			<string></string>
			<key>targets</key>
			<array>
				<string>580F673018858E88005F118C</string>
				<string>580F675118858E88005F118C</string>
			</array>
		</dict>
		<key>580F672C18858E88005F118C</key>
		<dict>
			<key>buildConfigurations</key>
			<array>
				<string>580F676118858E88005F118C</string>
				<string>580F676218858E88005F118C</string>
			</array>
			<key>defaultConfigurationIsVisible</key>
			<string>0</string>
			<key>defaultConfigurationName</key>
			<string>Release</string>
			<key>isa</key>
			<string>XCConfigurationList</string>
		</dict>
		<key>580F672D18858E88005F118C</key>
		<dict>
			<key>buildActionMask</key>
			<string>2147483647</string>
			<key>files</key>
			<array>
				<string>580F674B18858E88005F118C</string>
				<string>580F674118858E88005F118C</string>
				<string>580F674518858E88005F118C</string>
			</array>
			<key>isa</key>
			<string>PBXSourcesBuildPhase</string>
			<key>runOnlyForDeploymentPostprocessing</key>
			<string>0</string>
		</dict>
		<key>580F672E18858E88005F118C</key>
		<dict>
			<key>buildActionMask</key>
			<string>2147483647</string>
			<key>files</key>
			<array>
				<string>580F673718858E88005F118C</string>
				<string>580F673918858E88005F118C</string>
				<string>580F673518858E88005F118C</string>
			</array>
			<key>isa</key>
			<string>PBXFrameworksBuildPhase</string>
			<key>runOnlyForDeploymentPostprocessing</key>
			<string>0</string>
		</dict>
		<key>580F672F18858E88005F118C</key>
		<dict>
			<key>buildActionMask</key>
			<string>2147483647</string>
			<key>files</key>
			<array>
				<string>580F673F18858E88005F118C</string>
				<string>580F676A1885904E005F118C</string>
				<string>580F674818858E88005F118C</string>
				<string>1A8DB81B000942478A115EDF</string>
			</array>
			<key>isa</key>
			<string>PBXResourcesBuildPhase</string>
			<key>runOnlyForDeploymentPostprocessing</key>
			<string>0</string>
		</dict>
		<key>580F673018858E88005F118C</key>
		<dict>
			<key>buildConfigurationList</key>
			<string>580F676318858E88005F118C</string>
			<key>buildPhases</key>
			<array>
				<string>580F672D18858E88005F118C</string>
				<string>580F672E18858E88005F118C</string>
				<string>580F672F18858E88005F118C</string>
				<string>0007FC548BB74B7A8028A97E</string>
				<string>0DEFFB9ADB6A49E8982CE1BD</string>
			</array>
			<key>buildRules</key>
			<array/>
			<key>dependencies</key>
			<array/>
			<key>isa</key>
			<string>PBXNativeTarget</string>
			<key>name</key>
			<string>Typography</string>
			<key>productName</key>
			<string>Typography</string>
			<key>productReference</key>
			<string>580F673118858E88005F118C</string>
			<key>productType</key>
			<string>com.apple.product-type.application</string>
		</dict>
		<key>580F673118858E88005F118C</key>
		<dict>
			<key>explicitFileType</key>
			<string>wrapper.application</string>
			<key>includeInIndex</key>
			<string>0</string>
			<key>isa</key>
			<string>PBXFileReference</string>
			<key>path</key>
			<string>Typography.app</string>
			<key>sourceTree</key>
			<string>BUILT_PRODUCTS_DIR</string>
		</dict>
		<key>580F673218858E88005F118C</key>
		<dict>
			<key>children</key>
			<array>
				<string>580F673118858E88005F118C</string>
				<string>580F675218858E88005F118C</string>
			</array>
			<key>isa</key>
			<string>PBXGroup</string>
			<key>name</key>
			<string>Products</string>
			<key>sourceTree</key>
			<string>&lt;group&gt;</string>
		</dict>
		<key>580F673318858E88005F118C</key>
		<dict>
			<key>children</key>
			<array>
				<string>580F673418858E88005F118C</string>
				<string>580F673618858E88005F118C</string>
				<string>580F673818858E88005F118C</string>
				<string>580F675318858E88005F118C</string>
			</array>
			<key>isa</key>
			<string>PBXGroup</string>
			<key>name</key>
			<string>Frameworks</string>
			<key>sourceTree</key>
			<string>&lt;group&gt;</string>
		</dict>
		<key>580F673418858E88005F118C</key>
		<dict>
			<key>isa</key>
			<string>PBXFileReference</string>
			<key>lastKnownFileType</key>
			<string>wrapper.framework</string>
			<key>name</key>
			<string>Foundation.framework</string>
			<key>path</key>
			<string>System/Library/Frameworks/Foundation.framework</string>
			<key>sourceTree</key>
			<string>SDKROOT</string>
		</dict>
		<key>580F673518858E88005F118C</key>
		<dict>
			<key>fileRef</key>
			<string>580F673418858E88005F118C</string>
			<key>isa</key>
			<string>PBXBuildFile</string>
		</dict>
		<key>580F673618858E88005F118C</key>
		<dict>
			<key>isa</key>
			<string>PBXFileReference</string>
			<key>lastKnownFileType</key>
			<string>wrapper.framework</string>
			<key>name</key>
			<string>CoreGraphics.framework</string>
			<key>path</key>
			<string>System/Library/Frameworks/CoreGraphics.framework</string>
			<key>sourceTree</key>
			<string>SDKROOT</string>
		</dict>
		<key>580F673718858E88005F118C</key>
		<dict>
			<key>fileRef</key>
			<string>580F673618858E88005F118C</string>
			<key>isa</key>
			<string>PBXBuildFile</string>
		</dict>
		<key>580F673818858E88005F118C</key>
		<dict>
			<key>isa</key>
			<string>PBXFileReference</string>
			<key>lastKnownFileType</key>
			<string>wrapper.framework</string>
			<key>name</key>
			<string>UIKit.framework</string>
			<key>path</key>
			<string>System/Library/Frameworks/UIKit.framework</string>
			<key>sourceTree</key>
			<string>SDKROOT</string>
		</dict>
		<key>580F673918858E88005F118C</key>
		<dict>
			<key>fileRef</key>
			<string>580F673818858E88005F118C</string>
			<key>isa</key>
			<string>PBXBuildFile</string>
		</dict>
		<key>580F673A18858E88005F118C</key>
		<dict>
			<key>children</key>
			<array>
				<string>CA335AB79BDF457DBF194A16</string>
				<string>580F674618858E88005F118C</string>
				<string>18222848C987488CBE8F79EC</string>
				<string>3977148B4CF841C78A2800A5</string>
				<string>580F674318858E88005F118C</string>
				<string>580F674418858E88005F118C</string>
				<string>580F674918858E88005F118C</string>
				<string>580F674A18858E88005F118C</string>
				<string>103596ED1F924FEB91F2CB4C</string>
				<string>580F673B18858E88005F118C</string>
				<string>BE6ECF43183F4FC8A6DECE22</string>
				<string>9F714CA056794E44BE03FFA8</string>
				<string>9174ABC28A88400BB92F71F2</string>
				<string>4C07AD34AF514A1C99E04D2C</string>
			</array>
			<key>isa</key>
			<string>PBXGroup</string>
			<key>path</key>
			<string>Typography</string>
			<key>sourceTree</key>
			<string>&lt;group&gt;</string>
		</dict>
		<key>580F673B18858E88005F118C</key>
		<dict>
			<key>children</key>
			<array>
				<string>580F673C18858E88005F118C</string>
				<string>580F673D18858E88005F118C</string>
				<string>580F674018858E88005F118C</string>
				<string>580F674218858E88005F118C</string>
			</array>
			<key>isa</key>
			<string>PBXGroup</string>
			<key>name</key>
			<string>Supporting Files</string>
			<key>sourceTree</key>
			<string>&lt;group&gt;</string>
		</dict>
		<key>580F673C18858E88005F118C</key>
		<dict>
			<key>isa</key>
			<string>PBXFileReference</string>
			<key>lastKnownFileType</key>
			<string>text.plist.xml</string>
			<key>path</key>
			<string>Typography-Info.plist</string>
			<key>sourceTree</key>
			<string>&lt;group&gt;</string>
		</dict>
		<key>580F673D18858E88005F118C</key>
		<dict>
			<key>children</key>
			<array>
				<string>580F673E18858E88005F118C</string>
			</array>
			<key>isa</key>
			<string>PBXVariantGroup</string>
			<key>name</key>
			<string>InfoPlist.strings</string>
			<key>sourceTree</key>
			<string>&lt;group&gt;</string>
		</dict>
		<key>580F673E18858E88005F118C</key>
		<dict>
			<key>isa</key>
			<string>PBXFileReference</string>
			<key>lastKnownFileType</key>
			<string>text.plist.strings</string>
			<key>name</key>
			<string>en</string>
			<key>path</key>
			<string>en.lproj/InfoPlist.strings</string>
			<key>sourceTree</key>
			<string>&lt;group&gt;</string>
		</dict>
		<key>580F673F18858E88005F118C</key>
		<dict>
			<key>fileRef</key>
			<string>580F673D18858E88005F118C</string>
			<key>isa</key>
			<string>PBXBuildFile</string>
		</dict>
		<key>580F674018858E88005F118C</key>
		<dict>
			<key>isa</key>
			<string>PBXFileReference</string>
			<key>lastKnownFileType</key>
			<string>sourcecode.c.objc</string>
			<key>path</key>
			<string>main.m</string>
			<key>sourceTree</key>
			<string>&lt;group&gt;</string>
		</dict>
		<key>580F674118858E88005F118C</key>
		<dict>
			<key>fileRef</key>
			<string>580F674018858E88005F118C</string>
			<key>isa</key>
			<string>PBXBuildFile</string>
		</dict>
		<key>580F674218858E88005F118C</key>
		<dict>
			<key>isa</key>
			<string>PBXFileReference</string>
			<key>lastKnownFileType</key>
			<string>sourcecode.c.h</string>
			<key>path</key>
			<string>Typography-Prefix.pch</string>
			<key>sourceTree</key>
			<string>&lt;group&gt;</string>
		</dict>
		<key>580F674318858E88005F118C</key>
		<dict>
			<key>isa</key>
			<string>PBXFileReference</string>
			<key>lastKnownFileType</key>
			<string>sourcecode.c.h</string>
			<key>path</key>
			<string>NRDAppDelegate.h</string>
			<key>sourceTree</key>
			<string>&lt;group&gt;</string>
		</dict>
		<key>580F674418858E88005F118C</key>
		<dict>
			<key>isa</key>
			<string>PBXFileReference</string>
			<key>lastKnownFileType</key>
			<string>sourcecode.c.objc</string>
			<key>path</key>
			<string>NRDAppDelegate.m</string>
			<key>sourceTree</key>
			<string>&lt;group&gt;</string>
		</dict>
		<key>580F674518858E88005F118C</key>
		<dict>
			<key>fileRef</key>
			<string>580F674418858E88005F118C</string>
			<key>isa</key>
			<string>PBXBuildFile</string>
		</dict>
		<key>580F674618858E88005F118C</key>
		<dict>
			<key>children</key>
			<array>
				<string>580F674718858E88005F118C</string>
			</array>
			<key>isa</key>
			<string>PBXVariantGroup</string>
			<key>name</key>
			<string>Main.storyboard</string>
			<key>sourceTree</key>
			<string>&lt;group&gt;</string>
		</dict>
		<key>580F674718858E88005F118C</key>
		<dict>
			<key>isa</key>
			<string>PBXFileReference</string>
			<key>lastKnownFileType</key>
			<string>file.storyboard</string>
			<key>name</key>
			<string>Base</string>
			<key>path</key>
			<string>Base.lproj/Main.storyboard</string>
			<key>sourceTree</key>
			<string>&lt;group&gt;</string>
		</dict>
		<key>580F674818858E88005F118C</key>
		<dict>
			<key>fileRef</key>
			<string>580F674618858E88005F118C</string>
			<key>isa</key>
			<string>PBXBuildFile</string>
		</dict>
		<key>580F674918858E88005F118C</key>
		<dict>
			<key>isa</key>
			<string>PBXFileReference</string>
			<key>lastKnownFileType</key>
			<string>sourcecode.c.h</string>
			<key>path</key>
			<string>NRDViewController.h</string>
			<key>sourceTree</key>
			<string>&lt;group&gt;</string>
		</dict>
		<key>580F674A18858E88005F118C</key>
		<dict>
			<key>isa</key>
			<string>PBXFileReference</string>
			<key>lastKnownFileType</key>
			<string>sourcecode.c.objc</string>
			<key>path</key>
			<string>NRDViewController.m</string>
			<key>sourceTree</key>
			<string>&lt;group&gt;</string>
		</dict>
		<key>580F674B18858E88005F118C</key>
		<dict>
			<key>fileRef</key>
			<string>580F674A18858E88005F118C</string>
			<key>isa</key>
			<string>PBXBuildFile</string>
		</dict>
		<key>580F674E18858E88005F118C</key>
		<dict>
			<key>buildActionMask</key>
			<string>2147483647</string>
			<key>files</key>
			<array>
				<string>580F676018858E88005F118C</string>
			</array>
			<key>isa</key>
			<string>PBXSourcesBuildPhase</string>
			<key>runOnlyForDeploymentPostprocessing</key>
			<string>0</string>
		</dict>
		<key>580F674F18858E88005F118C</key>
		<dict>
			<key>buildActionMask</key>
			<string>2147483647</string>
			<key>files</key>
			<array>
				<string>580F675418858E88005F118C</string>
				<string>580F675618858E88005F118C</string>
				<string>580F675518858E88005F118C</string>
			</array>
			<key>isa</key>
			<string>PBXFrameworksBuildPhase</string>
			<key>runOnlyForDeploymentPostprocessing</key>
			<string>0</string>
		</dict>
		<key>580F675018858E88005F118C</key>
		<dict>
			<key>buildActionMask</key>
			<string>2147483647</string>
			<key>files</key>
			<array>
				<string>580F675E18858E88005F118C</string>
			</array>
			<key>isa</key>
			<string>PBXResourcesBuildPhase</string>
			<key>runOnlyForDeploymentPostprocessing</key>
			<string>0</string>
		</dict>
		<key>580F675118858E88005F118C</key>
		<dict>
			<key>buildConfigurationList</key>
			<string>580F676618858E88005F118C</string>
			<key>buildPhases</key>
			<array>
				<string>580F674E18858E88005F118C</string>
				<string>580F674F18858E88005F118C</string>
				<string>580F675018858E88005F118C</string>
			</array>
			<key>buildRules</key>
			<array/>
			<key>dependencies</key>
			<array>
				<string>580F675818858E88005F118C</string>
			</array>
			<key>isa</key>
			<string>PBXNativeTarget</string>
			<key>name</key>
			<string>TypographyTests</string>
			<key>productName</key>
			<string>TypographyTests</string>
			<key>productReference</key>
			<string>580F675218858E88005F118C</string>
			<key>productType</key>
			<string>com.apple.product-type.bundle.unit-test</string>
		</dict>
		<key>580F675218858E88005F118C</key>
		<dict>
			<key>explicitFileType</key>
			<string>wrapper.cfbundle</string>
			<key>includeInIndex</key>
			<string>0</string>
			<key>isa</key>
			<string>PBXFileReference</string>
			<key>path</key>
			<string>TypographyTests.xctest</string>
			<key>sourceTree</key>
			<string>BUILT_PRODUCTS_DIR</string>
		</dict>
		<key>580F675318858E88005F118C</key>
		<dict>
			<key>isa</key>
			<string>PBXFileReference</string>
			<key>lastKnownFileType</key>
			<string>wrapper.framework</string>
			<key>name</key>
			<string>XCTest.framework</string>
			<key>path</key>
			<string>Library/Frameworks/XCTest.framework</string>
			<key>sourceTree</key>
			<string>DEVELOPER_DIR</string>
		</dict>
		<key>580F675418858E88005F118C</key>
		<dict>
			<key>fileRef</key>
			<string>580F675318858E88005F118C</string>
			<key>isa</key>
			<string>PBXBuildFile</string>
		</dict>
		<key>580F675518858E88005F118C</key>
		<dict>
			<key>fileRef</key>
			<string>580F673418858E88005F118C</string>
			<key>isa</key>
			<string>PBXBuildFile</string>
		</dict>
		<key>580F675618858E88005F118C</key>
		<dict>
			<key>fileRef</key>
			<string>580F673818858E88005F118C</string>
			<key>isa</key>
			<string>PBXBuildFile</string>
		</dict>
		<key>580F675718858E88005F118C</key>
		<dict>
			<key>containerPortal</key>
			<string>580F672918858E88005F118C</string>
			<key>isa</key>
			<string>PBXContainerItemProxy</string>
			<key>proxyType</key>
			<string>1</string>
			<key>remoteGlobalIDString</key>
			<string>580F673018858E88005F118C</string>
			<key>remoteInfo</key>
			<string>Typography</string>
		</dict>
		<key>580F675818858E88005F118C</key>
		<dict>
			<key>isa</key>
			<string>PBXTargetDependency</string>
			<key>target</key>
			<string>580F673018858E88005F118C</string>
			<key>targetProxy</key>
			<string>580F675718858E88005F118C</string>
		</dict>
		<key>580F675918858E88005F118C</key>
		<dict>
			<key>children</key>
			<array>
				<string>580F675F18858E88005F118C</string>
				<string>580F675A18858E88005F118C</string>
			</array>
			<key>isa</key>
			<string>PBXGroup</string>
			<key>path</key>
			<string>TypographyTests</string>
			<key>sourceTree</key>
			<string>&lt;group&gt;</string>
		</dict>
		<key>580F675A18858E88005F118C</key>
		<dict>
			<key>children</key>
			<array>
				<string>580F675B18858E88005F118C</string>
				<string>580F675C18858E88005F118C</string>
			</array>
			<key>isa</key>
			<string>PBXGroup</string>
			<key>name</key>
			<string>Supporting Files</string>
			<key>sourceTree</key>
			<string>&lt;group&gt;</string>
		</dict>
		<key>580F675B18858E88005F118C</key>
		<dict>
			<key>isa</key>
			<string>PBXFileReference</string>
			<key>lastKnownFileType</key>
			<string>text.plist.xml</string>
			<key>path</key>
			<string>TypographyTests-Info.plist</string>
			<key>sourceTree</key>
			<string>&lt;group&gt;</string>
		</dict>
		<key>580F675C18858E88005F118C</key>
		<dict>
			<key>children</key>
			<array>
				<string>580F675D18858E88005F118C</string>
			</array>
			<key>isa</key>
			<string>PBXVariantGroup</string>
			<key>name</key>
			<string>InfoPlist.strings</string>
			<key>sourceTree</key>
			<string>&lt;group&gt;</string>
		</dict>
		<key>580F675D18858E88005F118C</key>
		<dict>
			<key>isa</key>
			<string>PBXFileReference</string>
			<key>lastKnownFileType</key>
			<string>text.plist.strings</string>
			<key>name</key>
			<string>en</string>
			<key>path</key>
			<string>en.lproj/InfoPlist.strings</string>
			<key>sourceTree</key>
			<string>&lt;group&gt;</string>
		</dict>
		<key>580F675E18858E88005F118C</key>
		<dict>
			<key>fileRef</key>
			<string>580F675C18858E88005F118C</string>
			<key>isa</key>
			<string>PBXBuildFile</string>
		</dict>
		<key>580F675F18858E88005F118C</key>
		<dict>
			<key>isa</key>
			<string>PBXFileReference</string>
			<key>lastKnownFileType</key>
			<string>sourcecode.c.objc</string>
			<key>path</key>
			<string>TypographyTests.m</string>
			<key>sourceTree</key>
			<string>&lt;group&gt;</string>
		</dict>
		<key>580F676018858E88005F118C</key>
		<dict>
			<key>fileRef</key>
			<string>580F675F18858E88005F118C</string>
			<key>isa</key>
			<string>PBXBuildFile</string>
		</dict>
		<key>580F676118858E88005F118C</key>
		<dict>
			<key>buildSettings</key>
			<dict>
				<key>ALWAYS_SEARCH_USER_PATHS</key>
				<string>NO</string>
				<key>ARCHS</key>
				<string>$(ARCHS_STANDARD_INCLUDING_64_BIT)</string>
				<key>CLANG_CXX_LANGUAGE_STANDARD</key>
				<string>gnu++0x</string>
				<key>CLANG_CXX_LIBRARY</key>
				<string>libc++</string>
				<key>CLANG_ENABLE_MODULES</key>
				<string>YES</string>
				<key>CLANG_ENABLE_OBJC_ARC</key>
				<string>YES</string>
				<key>CLANG_WARN_BOOL_CONVERSION</key>
				<string>YES</string>
				<key>CLANG_WARN_CONSTANT_CONVERSION</key>
				<string>YES</string>
				<key>CLANG_WARN_DIRECT_OBJC_ISA_USAGE</key>
				<string>YES_ERROR</string>
				<key>CLANG_WARN_EMPTY_BODY</key>
				<string>YES</string>
				<key>CLANG_WARN_ENUM_CONVERSION</key>
				<string>YES</string>
				<key>CLANG_WARN_INT_CONVERSION</key>
				<string>YES</string>
				<key>CLANG_WARN_OBJC_ROOT_CLASS</key>
				<string>YES_ERROR</string>
				<key>CLANG_WARN__DUPLICATE_METHOD_MATCH</key>
				<string>YES</string>
				<key>CODE_SIGN_IDENTITY[sdk=iphoneos*]</key>
				<string>iPhone Developer</string>
				<key>COPY_PHASE_STRIP</key>
				<string>NO</string>
				<key>GCC_C_LANGUAGE_STANDARD</key>
				<string>gnu99</string>
				<key>GCC_DYNAMIC_NO_PIC</key>
				<string>NO</string>
				<key>GCC_OPTIMIZATION_LEVEL</key>
				<string>0</string>
				<key>GCC_PREPROCESSOR_DEFINITIONS</key>
				<array>
					<string>DEBUG=1</string>
					<string>$(inherited)</string>
				</array>
				<key>GCC_SYMBOLS_PRIVATE_EXTERN</key>
				<string>NO</string>
				<key>GCC_WARN_64_TO_32_BIT_CONVERSION</key>
				<string>YES</string>
				<key>GCC_WARN_ABOUT_MISSING_FIELD_INITIALIZERS</key>
				<string>YES</string>
				<key>GCC_WARN_ABOUT_MISSING_NEWLINE</key>
				<string>YES</string>
				<key>GCC_WARN_ABOUT_RETURN_TYPE</key>
				<string>YES</string>
				<key>GCC_WARN_CHECK_SWITCH_STATEMENTS</key>
				<string>YES</string>
				<key>GCC_WARN_INITIALIZER_NOT_FULLY_BRACKETED</key>
				<string>YES</string>
				<key>GCC_WARN_MISSING_PARENTHESES</key>
				<string>YES</string>
				<key>GCC_WARN_SHADOW</key>
				<string>YES</string>
				<key>GCC_WARN_SIGN_COMPARE</key>
				<string>YES</string>
				<key>GCC_WARN_TYPECHECK_CALLS_TO_PRINTF</key>
				<string>YES</string>
				<key>GCC_WARN_UNDECLARED_SELECTOR</key>
				<string>YES</string>
				<key>GCC_WARN_UNINITIALIZED_AUTOS</key>
				<string>YES</string>
				<key>GCC_WARN_UNUSED_FUNCTION</key>
				<string>YES</string>
				<key>GCC_WARN_UNUSED_LABEL</key>
				<string>YES</string>
				<key>GCC_WARN_UNUSED_VALUE</key>
				<string>YES</string>
				<key>GCC_WARN_UNUSED_VARIABLE</key>
				<string>YES</string>
				<key>IPHONEOS_DEPLOYMENT_TARGET</key>
				<string>7.0</string>
				<key>ONLY_ACTIVE_ARCH</key>
				<string>YES</string>
				<key>SDKROOT</key>
				<string>iphoneos</string>
			</dict>
			<key>isa</key>
			<string>XCBuildConfiguration</string>
			<key>name</key>
			<string>Debug</string>
		</dict>
		<key>580F676218858E88005F118C</key>
		<dict>
			<key>buildSettings</key>
			<dict>
				<key>ALWAYS_SEARCH_USER_PATHS</key>
				<string>NO</string>
				<key>ARCHS</key>
				<string>$(ARCHS_STANDARD_INCLUDING_64_BIT)</string>
				<key>CLANG_CXX_LANGUAGE_STANDARD</key>
				<string>gnu++0x</string>
				<key>CLANG_CXX_LIBRARY</key>
				<string>libc++</string>
				<key>CLANG_ENABLE_MODULES</key>
				<string>YES</string>
				<key>CLANG_ENABLE_OBJC_ARC</key>
				<string>YES</string>
				<key>CLANG_WARN_BOOL_CONVERSION</key>
				<string>YES</string>
				<key>CLANG_WARN_CONSTANT_CONVERSION</key>
				<string>YES</string>
				<key>CLANG_WARN_DIRECT_OBJC_ISA_USAGE</key>
				<string>YES_ERROR</string>
				<key>CLANG_WARN_EMPTY_BODY</key>
				<string>YES</string>
				<key>CLANG_WARN_ENUM_CONVERSION</key>
				<string>YES</string>
				<key>CLANG_WARN_INT_CONVERSION</key>
				<string>YES</string>
				<key>CLANG_WARN_OBJC_ROOT_CLASS</key>
				<string>YES_ERROR</string>
				<key>CLANG_WARN__DUPLICATE_METHOD_MATCH</key>
				<string>YES</string>
				<key>CODE_SIGN_IDENTITY[sdk=iphoneos*]</key>
				<string>iPhone Developer</string>
				<key>COPY_PHASE_STRIP</key>
				<string>YES</string>
				<key>ENABLE_NS_ASSERTIONS</key>
				<string>NO</string>
				<key>GCC_C_LANGUAGE_STANDARD</key>
				<string>gnu99</string>
				<key>GCC_WARN_64_TO_32_BIT_CONVERSION</key>
				<string>YES</string>
				<key>GCC_WARN_ABOUT_MISSING_FIELD_INITIALIZERS</key>
				<string>YES</string>
				<key>GCC_WARN_ABOUT_MISSING_NEWLINE</key>
				<string>YES</string>
				<key>GCC_WARN_ABOUT_RETURN_TYPE</key>
				<string>YES</string>
				<key>GCC_WARN_CHECK_SWITCH_STATEMENTS</key>
				<string>YES</string>
				<key>GCC_WARN_INITIALIZER_NOT_FULLY_BRACKETED</key>
				<string>YES</string>
				<key>GCC_WARN_MISSING_PARENTHESES</key>
				<string>YES</string>
				<key>GCC_WARN_SHADOW</key>
				<string>YES</string>
				<key>GCC_WARN_SIGN_COMPARE</key>
				<string>YES</string>
				<key>GCC_WARN_TYPECHECK_CALLS_TO_PRINTF</key>
				<string>YES</string>
				<key>GCC_WARN_UNDECLARED_SELECTOR</key>
				<string>YES</string>
				<key>GCC_WARN_UNINITIALIZED_AUTOS</key>
				<string>YES</string>
				<key>GCC_WARN_UNUSED_FUNCTION</key>
				<string>YES</string>
				<key>GCC_WARN_UNUSED_LABEL</key>
				<string>YES</string>
				<key>GCC_WARN_UNUSED_VALUE</key>
				<string>YES</string>
				<key>GCC_WARN_UNUSED_VARIABLE</key>
				<string>YES</string>
				<key>IPHONEOS_DEPLOYMENT_TARGET</key>
				<string>7.0</string>
				<key>SDKROOT</key>
				<string>iphoneos</string>
				<key>VALIDATE_PRODUCT</key>
				<string>YES</string>
			</dict>
			<key>isa</key>
			<string>XCBuildConfiguration</string>
			<key>name</key>
			<string>Release</string>
		</dict>
		<key>580F676318858E88005F118C</key>
		<dict>
			<key>buildConfigurations</key>
			<array>
				<string>580F676418858E88005F118C</string>
				<string>580F676518858E88005F118C</string>
			</array>
			<key>defaultConfigurationIsVisible</key>
			<string>0</string>
			<key>defaultConfigurationName</key>
			<string>Release</string>
			<key>isa</key>
			<string>XCConfigurationList</string>
		</dict>
		<key>580F676418858E88005F118C</key>
		<dict>
			<key>buildSettings</key>
			<dict>
				<key>ASSETCATALOG_COMPILER_APPICON_NAME</key>
				<string>AppIcon</string>
				<key>ASSETCATALOG_COMPILER_LAUNCHIMAGE_NAME</key>
				<string>LaunchImage</string>
				<key>GCC_PRECOMPILE_PREFIX_HEADER</key>
				<string>YES</string>
				<key>GCC_PREFIX_HEADER</key>
				<string>Typography/Typography-Prefix.pch</string>
				<key>INFOPLIST_FILE</key>
				<string>Typography/Typography-Info.plist</string>
				<key>PRODUCT_NAME</key>
				<string>$(TARGET_NAME)</string>
				<key>WRAPPER_EXTENSION</key>
				<string>app</string>
			</dict>
			<key>isa</key>
			<string>XCBuildConfiguration</string>
			<key>name</key>
			<string>Debug</string>
		</dict>
		<key>580F676518858E88005F118C</key>
		<dict>
			<key>buildSettings</key>
			<dict>
				<key>ASSETCATALOG_COMPILER_APPICON_NAME</key>
				<string>AppIcon</string>
				<key>ASSETCATALOG_COMPILER_LAUNCHIMAGE_NAME</key>
				<string>LaunchImage</string>
				<key>GCC_PRECOMPILE_PREFIX_HEADER</key>
				<string>YES</string>
				<key>GCC_PREFIX_HEADER</key>
				<string>Typography/Typography-Prefix.pch</string>
				<key>INFOPLIST_FILE</key>
				<string>Typography/Typography-Info.plist</string>
				<key>PRODUCT_NAME</key>
				<string>$(TARGET_NAME)</string>
				<key>WRAPPER_EXTENSION</key>
				<string>app</string>
			</dict>
			<key>isa</key>
			<string>XCBuildConfiguration</string>
			<key>name</key>
			<string>Release</string>
		</dict>
		<key>580F676618858E88005F118C</key>
		<dict>
			<key>buildConfigurations</key>
			<array>
				<string>580F676718858E88005F118C</string>
				<string>580F676818858E88005F118C</string>
			</array>
			<key>defaultConfigurationIsVisible</key>
			<string>0</string>
			<key>defaultConfigurationName</key>
			<string>Release</string>
			<key>isa</key>
			<string>XCConfigurationList</string>
		</dict>
		<key>580F676718858E88005F118C</key>
		<dict>
			<key>buildSettings</key>
			<dict>
				<key>ARCHS</key>
				<string>$(ARCHS_STANDARD_INCLUDING_64_BIT)</string>
				<key>BUNDLE_LOADER</key>
				<string>$(BUILT_PRODUCTS_DIR)/Typography.app/Typography</string>
				<key>FRAMEWORK_SEARCH_PATHS</key>
				<array>
					<string>$(SDKROOT)/Developer/Library/Frameworks</string>
					<string>$(inherited)</string>
					<string>$(DEVELOPER_FRAMEWORKS_DIR)</string>
				</array>
				<key>GCC_PRECOMPILE_PREFIX_HEADER</key>
				<string>YES</string>
				<key>GCC_PREFIX_HEADER</key>
				<string>Typography/Typography-Prefix.pch</string>
				<key>GCC_PREPROCESSOR_DEFINITIONS</key>
				<array>
					<string>DEBUG=1</string>
					<string>$(inherited)</string>
				</array>
				<key>INFOPLIST_FILE</key>
				<string>TypographyTests/TypographyTests-Info.plist</string>
				<key>PRODUCT_NAME</key>
				<string>$(TARGET_NAME)</string>
				<key>TEST_HOST</key>
				<string>$(BUNDLE_LOADER)</string>
				<key>WRAPPER_EXTENSION</key>
				<string>xctest</string>
			</dict>
			<key>isa</key>
			<string>XCBuildConfiguration</string>
			<key>name</key>
			<string>Debug</string>
		</dict>
		<key>580F676818858E88005F118C</key>
		<dict>
			<key>buildSettings</key>
			<dict>
				<key>ARCHS</key>
				<string>$(ARCHS_STANDARD_INCLUDING_64_BIT)</string>
				<key>BUNDLE_LOADER</key>
				<string>$(BUILT_PRODUCTS_DIR)/Typography.app/Typography</string>
				<key>FRAMEWORK_SEARCH_PATHS</key>
				<array>
					<string>$(SDKROOT)/Developer/Library/Frameworks</string>
					<string>$(inherited)</string>
					<string>$(DEVELOPER_FRAMEWORKS_DIR)</string>
				</array>
				<key>GCC_PRECOMPILE_PREFIX_HEADER</key>
				<string>YES</string>
				<key>GCC_PREFIX_HEADER</key>
				<string>Typography/Typography-Prefix.pch</string>
				<key>INFOPLIST_FILE</key>
				<string>TypographyTests/TypographyTests-Info.plist</string>
				<key>PRODUCT_NAME</key>
				<string>$(TARGET_NAME)</string>
				<key>TEST_HOST</key>
				<string>$(BUNDLE_LOADER)</string>
				<key>WRAPPER_EXTENSION</key>
				<string>xctest</string>
			</dict>
			<key>isa</key>
			<string>XCBuildConfiguration</string>
			<key>name</key>
			<string>Release</string>
		</dict>
		<key>580F67691885904E005F118C</key>
		<dict>
			<key>isa</key>
			<string>PBXFileReference</string>
			<key>lastKnownFileType</key>
			<string>folder.assetcatalog</string>
			<key>path</key>
			<string>Images.xcassets</string>
			<key>sourceTree</key>
			<string>&lt;group&gt;</string>
		</dict>
		<key>580F676A1885904E005F118C</key>
		<dict>
			<key>fileRef</key>
			<string>580F67691885904E005F118C</string>
			<key>isa</key>
			<string>PBXBuildFile</string>
		</dict>
		<key>5E754FFB338B4CED8D2A1D35</key>
		<dict>
			<key>children</key>
			<array/>
			<key>isa</key>
			<string>PBXGroup</string>
			<key>path</key>
			<string>Fonts</string>
			<key>sourceTree</key>
			<string>&lt;group&gt;</string>
		</dict>
		<key>79E1AE9A106743888CE41B59</key>
		<dict>
			<key>children</key>
			<array/>
			<key>isa</key>
			<string>PBXGroup</string>
			<key>path</key>
			<string>Data</string>
			<key>sourceTree</key>
			<string>&lt;group&gt;</string>
		</dict>
		<key>9174ABC28A88400BB92F71F2</key>
		<dict>
			<key>children</key>
			<array/>
			<key>isa</key>
			<string>PBXGroup</string>
			<key>path</key>
			<string>ViewControllers</string>
			<key>sourceTree</key>
			<string>&lt;group&gt;</string>
		</dict>
		<key>9F714CA056794E44BE03FFA8</key>
		<dict>
			<key>children</key>
			<array/>
			<key>isa</key>
			<string>PBXGroup</string>
			<key>path</key>
			<string>Vendor</string>
			<key>sourceTree</key>
			<string>&lt;group&gt;</string>
		</dict>
		<key>BE6ECF43183F4FC8A6DECE22</key>
		<dict>
			<key>children</key>
			<array/>
			<key>isa</key>
			<string>PBXGroup</string>
			<key>path</key>
			<string>Theme</string>
			<key>sourceTree</key>
			<string>&lt;group&gt;</string>
		</dict>
		<key>CA335AB79BDF457DBF194A16</key>
		<dict>
			<key>children</key>
			<array/>
			<key>isa</key>
			<string>PBXGroup</string>
			<key>path</key>
			<string>Categories</string>
			<key>sourceTree</key>
			<string>&lt;group&gt;</string>
		</dict>
		<key>E36415D6A6B341D9A87477C0</key>
		<dict>
			<key>includeInIndex</key>
			<string>1</string>
			<key>isa</key>
			<string>PBXFileReference</string>
			<key>lastKnownFileType</key>
			<string>wrapper.plug-in</string>
			<key>name</key>
			<string>Settings.bundle</string>
			<key>path</key>
			<string>Typography/Resources/Settings.bundle</string>
			<key>sourceTree</key>
			<string>SOURCE_ROOT</string>
		</dict>
	</dict>
	<key>rootObject</key>
	<string>580F672918858E88005F118C</string>
</dict>
</plist>
